
Microsoft Visual Studio Solution File, Format Version 12.00
# Visual Studio Version 17
VisualStudioVersion = 17.9.34714.143
MinimumVisualStudioVersion = 10.0.40219.1
Project("{FAE04EC0-301F-11D3-BF4B-00C04F79EFBC}") = "StudyBuddy", "StudyBuddy.csproj", "{A2B82BB3-7E14-4DFB-97CB-A2A2BC683947}"
EndProject
Global
	GlobalSection(SolutionConfigurationPlatforms) = preSolution
		Debug|Any CPU = Debug|Any CPU
		Release|Any CPU = Release|Any CPU
	EndGlobalSection
	GlobalSection(ProjectConfigurationPlatforms) = postSolution
		{A2B82BB3-7E14-4DFB-97CB-A2A2BC683947}.Debug|Any CPU.ActiveCfg = Debug|Any CPU
		{A2B82BB3-7E14-4DFB-97CB-A2A2BC683947}.Debug|Any CPU.Build.0 = Debug|Any CPU
		{A2B82BB3-7E14-4DFB-97CB-A2A2BC683947}.Release|Any CPU.ActiveCfg = Release|Any CPU
		{A2B82BB3-7E14-4DFB-97CB-A2A2BC683947}.Release|Any CPU.Build.0 = Release|Any CPU
	EndGlobalSection
	GlobalSection(SolutionProperties) = preSolution
		HideSolutionNode = FALSE
	EndGlobalSection
	GlobalSection(ExtensibilityGlobals) = postSolution
		SolutionGuid = {CCCBA364-A6F3-4DA2-A01A-B405D97FF7E7}
	EndGlobalSection
EndGlobal
